uuid: b938ad64-cc59-4efb-85b8-c0e4271e372e
langcode: ru
status: false
dependencies:
  module:
    - cstm_block_plugin
  theme:
    - stark
id: stark_myfirstblock
theme: stark
region: sidebar_second
weight: 0
provider: null
plugin: drupalbook_first_block_block
settings:
  id: drupalbook_first_block_block
  label: 'My first block'
  provider: cstm_block_plugin
  label_display: visible
  drupalbook_first_block_settings: ''
visibility: {  }
